
Microsoft Visual Studio Solution File, Format Version 12.00
# Visual Studio Version 17
VisualStudioVersion = 17.14.36616.10 d17.14
MinimumVisualStudioVersion = 10.0.40219.1
Project("{FAE04EC0-301F-11D3-BF4B-00C04F79EFBC}") = "TaskManagementApp.WebManagement", "TaskManagementApp.WebManagement\TaskManagementApp.WebManagement.csproj", "{49DF1C8C-F14D-435D-B38F-4CBE9CB90B42}"
EndProject
Project("{FAE04EC0-301F-11D3-BF4B-00C04F79EFBC}") = "TaskManagementApp.Domain", "TaskManagementApp.Domain\TaskManagementApp.Domain.csproj", "{2AD93131-8C60-4C6A-9200-5E7E0F4DB101}"
EndProject
Project("{FAE04EC0-301F-11D3-BF4B-00C04F79EFBC}") = "TaskManagementApp.Application", "TaskManagementApp.Application\TaskManagementApp.Application.csproj", "{CC497E34-F99E-456A-9AFF-C0051A80CF92}"
EndProject
Global
	GlobalSection(SolutionConfigurationPlatforms) = preSolution
		Debug|Any CPU = Debug|Any CPU
		Release|Any CPU = Release|Any CPU
	EndGlobalSection
	GlobalSection(ProjectConfigurationPlatforms) = postSolution
		{49DF1C8C-F14D-435D-B38F-4CBE9CB90B42}.Debug|Any CPU.ActiveCfg = Debug|Any CPU
		{49DF1C8C-F14D-435D-B38F-4CBE9CB90B42}.Debug|Any CPU.Build.0 = Debug|Any CPU
		{49DF1C8C-F14D-435D-B38F-4CBE9CB90B42}.Release|Any CPU.ActiveCfg = Release|Any CPU
		{49DF1C8C-F14D-435D-B38F-4CBE9CB90B42}.Release|Any CPU.Build.0 = Release|Any CPU
		{2AD93131-8C60-4C6A-9200-5E7E0F4DB101}.Debug|Any CPU.ActiveCfg = Debug|Any CPU
		{2AD93131-8C60-4C6A-9200-5E7E0F4DB101}.Debug|Any CPU.Build.0 = Debug|Any CPU
		{2AD93131-8C60-4C6A-9200-5E7E0F4DB101}.Release|Any CPU.ActiveCfg = Release|Any CPU
		{2AD93131-8C60-4C6A-9200-5E7E0F4DB101}.Release|Any CPU.Build.0 = Release|Any CPU
		{CC497E34-F99E-456A-9AFF-C0051A80CF92}.Debug|Any CPU.ActiveCfg = Debug|Any CPU
		{CC497E34-F99E-456A-9AFF-C0051A80CF92}.Debug|Any CPU.Build.0 = Debug|Any CPU
		{CC497E34-F99E-456A-9AFF-C0051A80CF92}.Release|Any CPU.ActiveCfg = Release|Any CPU
		{CC497E34-F99E-456A-9AFF-C0051A80CF92}.Release|Any CPU.Build.0 = Release|Any CPU
	EndGlobalSection
	GlobalSection(SolutionProperties) = preSolution
		HideSolutionNode = FALSE
	EndGlobalSection
	GlobalSection(ExtensibilityGlobals) = postSolution
		SolutionGuid = {018AA75D-1E9C-429A-B53D-802A760525F3}
	EndGlobalSection
EndGlobal
